uuid: 58f50306-4a51-4906-a9fe-8cf927738d36
langcode: en
status: true
dependencies:
  config:
    - views.view.blog_post_listing
  module:
    - system
    - views
  theme:
    - brookeclaro
id: brookeclaro_blog_post_listing_block
theme: brookeclaro
region: content
weight: -3
provider: null
plugin: 'views_block:blog_post_listing-block_1'
settings:
  id: 'views_block:blog_post_listing-block_1'
  label: ''
  label_display: '0'
  provider: views
  views_label: ''
  items_per_page: null
visibility:
  request_path:
    id: request_path
    negate: false
    pages: /blog
