uuid: 8e4d3f90-b7b0-446b-b2c2-1605559e6e64
langcode: en
status: true
dependencies:
  config:
    - views.view.blog_post_listing
  module:
    - system
    - views
  theme:
    - olivero
id: blog_post_listing_block
theme: olivero
region: content
weight: -4
provider: null
plugin: 'views_block:blog_post_listing-block_1'
settings:
  id: 'views_block:blog_post_listing-block_1'
  label: ''
  label_display: '0'
  provider: views
  views_label: ''
  items_per_page: null
visibility:
  request_path:
    id: request_path
    negate: false
    pages: /blog
